
Microsoft Visual Studio Solution File, Format Version 12.00
# Visual Studio Version 16
VisualStudioVersion = 16.0.30804.86
MinimumVisualStudioVersion = 10.0.40219.1
Project("{8BC9CEB8-8B4A-11D0-8D11-00A0C91BC942}") = "weegschaal_code", "weegschaal_code\weegschaal_code.vcxproj", "{2ECD329A-40A7-4B25-87A1-C5E85F14BC0E}"
EndProject
Project("{8BC9CEB8-8B4A-11D0-8D11-00A0C91BC942}") = "calibration_software", "calibration_software\calibration_software.vcxproj", "{FF98A5B4-D777-4635-B7B2-1D083583EDE5}"
EndProject
Project("{8BC9CEB8-8B4A-11D0-8D11-00A0C91BC942}") = "library_code", "library_code\library_code.vcxproj", "{50797E55-141F-4E4D-AA99-53D1800BFE6B}"
EndProject
Project("{8BC9CEB8-8B4A-11D0-8D11-00A0C91BC942}") = "test", "test\test.vcxproj", "{75458A14-0884-4D3F-A008-4763BCB0C3DD}"
EndProject
Global
	GlobalSection(SolutionConfigurationPlatforms) = preSolution
		Debug|x64 = Debug|x64
		Debug|x86 = Debug|x86
		Release|x64 = Release|x64
		Release|x86 = Release|x86
	EndGlobalSection
	GlobalSection(ProjectConfigurationPlatforms) = postSolution
		{2ECD329A-40A7-4B25-87A1-C5E85F14BC0E}.Debug|x64.ActiveCfg = Debug|x64
		{2ECD329A-40A7-4B25-87A1-C5E85F14BC0E}.Debug|x64.Build.0 = Debug|x64
		{2ECD329A-40A7-4B25-87A1-C5E85F14BC0E}.Debug|x86.ActiveCfg = Debug|Win32
		{2ECD329A-40A7-4B25-87A1-C5E85F14BC0E}.Debug|x86.Build.0 = Debug|Win32
		{2ECD329A-40A7-4B25-87A1-C5E85F14BC0E}.Release|x64.ActiveCfg = Release|x64
		{2ECD329A-40A7-4B25-87A1-C5E85F14BC0E}.Release|x64.Build.0 = Release|x64
		{2ECD329A-40A7-4B25-87A1-C5E85F14BC0E}.Release|x86.ActiveCfg = Release|Win32
		{2ECD329A-40A7-4B25-87A1-C5E85F14BC0E}.Release|x86.Build.0 = Release|Win32
		{FF98A5B4-D777-4635-B7B2-1D083583EDE5}.Debug|x64.ActiveCfg = Debug|x64
		{FF98A5B4-D777-4635-B7B2-1D083583EDE5}.Debug|x64.Build.0 = Debug|x64
		{FF98A5B4-D777-4635-B7B2-1D083583EDE5}.Debug|x86.ActiveCfg = Debug|Win32
		{FF98A5B4-D777-4635-B7B2-1D083583EDE5}.Debug|x86.Build.0 = Debug|Win32
		{FF98A5B4-D777-4635-B7B2-1D083583EDE5}.Release|x64.ActiveCfg = Release|x64
		{FF98A5B4-D777-4635-B7B2-1D083583EDE5}.Release|x64.Build.0 = Release|x64
		{FF98A5B4-D777-4635-B7B2-1D083583EDE5}.Release|x86.ActiveCfg = Release|Win32
		{FF98A5B4-D777-4635-B7B2-1D083583EDE5}.Release|x86.Build.0 = Release|Win32
		{50797E55-141F-4E4D-AA99-53D1800BFE6B}.Debug|x64.ActiveCfg = Debug|x64
		{50797E55-141F-4E4D-AA99-53D1800BFE6B}.Debug|x64.Build.0 = Debug|x64
		{50797E55-141F-4E4D-AA99-53D1800BFE6B}.Debug|x86.ActiveCfg = Debug|Win32
		{50797E55-141F-4E4D-AA99-53D1800BFE6B}.Debug|x86.Build.0 = Debug|Win32
		{50797E55-141F-4E4D-AA99-53D1800BFE6B}.Release|x64.ActiveCfg = Release|x64
		{50797E55-141F-4E4D-AA99-53D1800BFE6B}.Release|x64.Build.0 = Release|x64
		{50797E55-141F-4E4D-AA99-53D1800BFE6B}.Release|x86.ActiveCfg = Release|Win32
		{50797E55-141F-4E4D-AA99-53D1800BFE6B}.Release|x86.Build.0 = Release|Win32
		{75458A14-0884-4D3F-A008-4763BCB0C3DD}.Debug|x64.ActiveCfg = Debug|x64
		{75458A14-0884-4D3F-A008-4763BCB0C3DD}.Debug|x64.Build.0 = Debug|x64
		{75458A14-0884-4D3F-A008-4763BCB0C3DD}.Debug|x86.ActiveCfg = Debug|Win32
		{75458A14-0884-4D3F-A008-4763BCB0C3DD}.Debug|x86.Build.0 = Debug|Win32
		{75458A14-0884-4D3F-A008-4763BCB0C3DD}.Release|x64.ActiveCfg = Release|x64
		{75458A14-0884-4D3F-A008-4763BCB0C3DD}.Release|x64.Build.0 = Release|x64
		{75458A14-0884-4D3F-A008-4763BCB0C3DD}.Release|x86.ActiveCfg = Release|Win32
		{75458A14-0884-4D3F-A008-4763BCB0C3DD}.Release|x86.Build.0 = Release|Win32
	EndGlobalSection
	GlobalSection(SolutionProperties) = preSolution
		HideSolutionNode = FALSE
	EndGlobalSection
	GlobalSection(ExtensibilityGlobals) = postSolution
		SolutionGuid = {2B555D9F-2B8A-4FED-9AA4-1E1046B983E7}
	EndGlobalSection
EndGlobal
